
Microsoft Visual Studio Solution File, Format Version 12.00
# Visual Studio Version 17
VisualStudioVersion = 17.11.35303.130
MinimumVisualStudioVersion = 10.0.40219.1
Project("{FAE04EC0-301F-11D3-BF4B-00C04F79EFBC}") = "1.WepAppDeployement", "1.WepAppDeployement\1.WepAppDeployement.csproj", "{0A03531C-1DB4-4421-8E81-110A4FB15076}"
EndProject
Global
	GlobalSection(SolutionConfigurationPlatforms) = preSolution
		Debug|Any CPU = Debug|Any CPU
		Release|Any CPU = Release|Any CPU
	EndGlobalSection
	GlobalSection(ProjectConfigurationPlatforms) = postSolution
		{0A03531C-1DB4-4421-8E81-110A4FB15076}.Debug|Any CPU.ActiveCfg = Debug|Any CPU
		{0A03531C-1DB4-4421-8E81-110A4FB15076}.Debug|Any CPU.Build.0 = Debug|Any CPU
		{0A03531C-1DB4-4421-8E81-110A4FB15076}.Release|Any CPU.ActiveCfg = Release|Any CPU
		{0A03531C-1DB4-4421-8E81-110A4FB15076}.Release|Any CPU.Build.0 = Release|Any CPU
	EndGlobalSection
	GlobalSection(SolutionProperties) = preSolution
		HideSolutionNode = FALSE
	EndGlobalSection
	GlobalSection(ExtensibilityGlobals) = postSolution
		SolutionGuid = {29F62771-2BA4-4F4F-8B32-4151F37A4EC9}
	EndGlobalSection
EndGlobal
